// !$*UTF8*$!
{
	archiveVersion = 1;
	classes = {
	};
	objectVersion = 50;
	objects = {

/* Begin PBXBuildFile section */
		BC04AA6D25E7AA8300152E93 /* JSONConverter.swift in Sources */ = {isa = PBXBuildFile; fileRef = BC04AA6C25E7AA8300152E93 /* JSONConverter.swift */; };
		BC04AA8A25E7B32F00152E93 /* libWrappedUserDefaults.a in Frameworks */ = {isa = PBXBuildFile; fileRef = BC04AA6125E7AA3E00152E93 /* libWrappedUserDefaults.a */; };
		BC04AA9325E7B34F00152E93 /* JSONConverterTests.swift in Sources */ = {isa = PBXBuildFile; fileRef = BC04AA9225E7B34F00152E93 /* JSONConverterTests.swift */; };
		BC04AA9825E7BCEC00152E93 /* UserDefaults.swift in Sources */ = {isa = PBXBuildFile; fileRef = BC04AA9725E7BCEC00152E93 /* UserDefaults.swift */; };
		BC04AA9E25E7BF7600152E93 /* UserDefaultsBackedWrapper.swift in Sources */ = {isa = PBXBuildFile; fileRef = BC04AA9D25E7BF7600152E93 /* UserDefaultsBackedWrapper.swift */; };
		BCA3CBC625EF7A7700123A1A /* UserDefaultsBackedWrapperTests.swift in Sources */ = {isa = PBXBuildFile; fileRef = BCA3CBC525EF7A7700123A1A /* UserDefaultsBackedWrapperTests.swift */; };
		BCA5C64725F17709002BBD34 /* dictionary.json in Resources */ = {isa = PBXBuildFile; fileRef = BCA5C64625F17709002BBD34 /* dictionary.json */; };
		BCA5C64D25F17710002BBD34 /* array.json in Resources */ = {isa = PBXBuildFile; fileRef = BCA5C64C25F17710002BBD34 /* array.json */; };
		D76DA89A25F2638F00459823 /* BundleFileReader.swift in Sources */ = {isa = PBXBuildFile; fileRef = D76DA89925F2638F00459823 /* BundleFileReader.swift */; };
		D76DA8A225F7836100459823 /* UserDefaultsArchivedWrapper.swift in Sources */ = {isa = PBXBuildFile; fileRef = D76DA8A125F7836100459823 /* UserDefaultsArchivedWrapper.swift */; };
/* End PBXBuildFile section */

/* Begin PBXContainerItemProxy section */
		BC04AA8B25E7B32F00152E93 /* PBXContainerItemProxy */ = {
			isa = PBXContainerItemProxy;
			containerPortal = BC04AA5925E7AA3E00152E93 /* Project object */;
			proxyType = 1;
			remoteGlobalIDString = BC04AA6025E7AA3E00152E93;
			remoteInfo = WrappedUserDefaults;
		};
/* End PBXContainerItemProxy section */

/* Begin PBXCopyFilesBuildPhase section */
		BC04AA5F25E7AA3E00152E93 /* CopyFiles */ = {
			isa = PBXCopyFilesBuildPhase;
			buildActionMask = 2147483647;
			dstPath = "include/$(PRODUCT_NAME)";
			dstSubfolderSpec = 16;
			files = (
			);
			runOnlyForDeploymentPostprocessing = 0;
		};
/* End PBXCopyFilesBuildPhase section */

/* Begin PBXFileReference section */
		BC04AA6125E7AA3E00152E93 /* libWrappedUserDefaults.a */ = {isa = PBXFileReference; explicitFileType = archive.ar; includeInIndex = 0; path = libWrappedUserDefaults.a; sourceTree = BUILT_PRODUCTS_DIR; };
		BC04AA6C25E7AA8300152E93 /* JSONConverter.swift */ = {isa = PBXFileReference; lastKnownFileType = sourcecode.swift; path = JSONConverter.swift; sourceTree = "<group>"; };
		BC04AA8525E7B32F00152E93 /* Tests.xctest */ = {isa = PBXFileReference; explicitFileType = wrapper.cfbundle; includeInIndex = 0; path = Tests.xctest; sourceTree = BUILT_PRODUCTS_DIR; };
		BC04AA8925E7B32F00152E93 /* Info.plist */ = {isa = PBXFileReference; lastKnownFileType = text.plist.xml; path = Info.plist; sourceTree = "<group>"; };
		BC04AA9225E7B34F00152E93 /* JSONConverterTests.swift */ = {isa = PBXFileReference; lastKnownFileType = sourcecode.swift; path = JSONConverterTests.swift; sourceTree = "<group>"; };
		BC04AA9725E7BCEC00152E93 /* UserDefaults.swift */ = {isa = PBXFileReference; lastKnownFileType = sourcecode.swift; path = UserDefaults.swift; sourceTree = "<group>"; };
		BC04AA9D25E7BF7600152E93 /* UserDefaultsBackedWrapper.swift */ = {isa = PBXFileReference; lastKnownFileType = sourcecode.swift; path = UserDefaultsBackedWrapper.swift; sourceTree = "<group>"; };
		BCA3CBC525EF7A7700123A1A /* UserDefaultsBackedWrapperTests.swift */ = {isa = PBXFileReference; lastKnownFileType = sourcecode.swift; path = UserDefaultsBackedWrapperTests.swift; sourceTree = "<group>"; };
		BCA5C64625F17709002BBD34 /* dictionary.json */ = {isa = PBXFileReference; fileEncoding = 4; lastKnownFileType = text.json; path = dictionary.json; sourceTree = "<group>"; };
		BCA5C64C25F17710002BBD34 /* array.json */ = {isa = PBXFileReference; fileEncoding = 4; lastKnownFileType = text.json; path = array.json; sourceTree = "<group>"; };
		D76DA89925F2638F00459823 /* BundleFileReader.swift */ = {isa = PBXFileReference; lastKnownFileType = sourcecode.swift; path = BundleFileReader.swift; sourceTree = "<group>"; };
		D76DA8A125F7836100459823 /* UserDefaultsArchivedWrapper.swift */ = {isa = PBXFileReference; lastKnownFileType = sourcecode.swift; path = UserDefaultsArchivedWrapper.swift; sourceTree = "<group>"; };
/* End PBXFileReference section */

/* Begin PBXFrameworksBuildPhase section */
		BC04AA5E25E7AA3E00152E93 /* Frameworks */ = {
			isa = PBXFrameworksBuildPhase;
			buildActionMask = 2147483647;
			files = (
			);
			runOnlyForDeploymentPostprocessing = 0;
		};
		BC04AA8225E7B32F00152E93 /* Frameworks */ = {
			isa = PBXFrameworksBuildPhase;
			buildActionMask = 2147483647;
			files = (
				BC04AA8A25E7B32F00152E93 /* libWrappedUserDefaults.a in Frameworks */,
			);
			runOnlyForDeploymentPostprocessing = 0;
		};
/* End PBXFrameworksBuildPhase section */

/* Begin PBXGroup section */
		BC04AA5825E7AA3E00152E93 = {
			isa = PBXGroup;
			children = (
				BC04AA6325E7AA3E00152E93 /* Source */,
				BC04AA8625E7B32F00152E93 /* Tests */,
				BC04AA6225E7AA3E00152E93 /* Products */,
			);
			sourceTree = "<group>";
		};
		BC04AA6225E7AA3E00152E93 /* Products */ = {
			isa = PBXGroup;
			children = (
				BC04AA6125E7AA3E00152E93 /* libWrappedUserDefaults.a */,
				BC04AA8525E7B32F00152E93 /* Tests.xctest */,
			);
			name = Products;
			sourceTree = "<group>";
		};
		BC04AA6325E7AA3E00152E93 /* Source */ = {
			isa = PBXGroup;
			children = (
				BCA5C63225F121A3002BBD34 /* Resources */,
				BC04AA9625E7BCD900152E93 /* Extensions */,
				BC04AA6C25E7AA8300152E93 /* JSONConverter.swift */,
				D76DA89925F2638F00459823 /* BundleFileReader.swift */,
				BC04AA9D25E7BF7600152E93 /* UserDefaultsBackedWrapper.swift */,
				D76DA8A125F7836100459823 /* UserDefaultsArchivedWrapper.swift */,
			);
			path = Source;
			sourceTree = "<group>";
		};
		BC04AA8625E7B32F00152E93 /* Tests */ = {
			isa = PBXGroup;
			children = (
				BC04AA9225E7B34F00152E93 /* JSONConverterTests.swift */,
				BCA3CBC525EF7A7700123A1A /* UserDefaultsBackedWrapperTests.swift */,
				BC04AA8925E7B32F00152E93 /* Info.plist */,
			);
			path = Tests;
			sourceTree = "<group>";
		};
		BC04AA9625E7BCD900152E93 /* Extensions */ = {
			isa = PBXGroup;
			children = (
				BC04AA9725E7BCEC00152E93 /* UserDefaults.swift */,
			);
			path = Extensions;
			sourceTree = "<group>";
		};
		BCA5C63225F121A3002BBD34 /* Resources */ = {
			isa = PBXGroup;
			children = (
				BCA5C64625F17709002BBD34 /* dictionary.json */,
				BCA5C64C25F17710002BBD34 /* array.json */,
			);
			path = Resources;
			sourceTree = "<group>";
		};
/* End PBXGroup section */

/* Begin PBXNativeTarget section */
		BC04AA6025E7AA3E00152E93 /* WrappedUserDefaults */ = {
			isa = PBXNativeTarget;
			buildConfigurationList = BC04AA6825E7AA3E00152E93 /* Build configuration list for PBXNativeTarget "WrappedUserDefaults" */;
			buildPhases = (
				BC04AA5D25E7AA3E00152E93 /* Sources */,
				BC04AA5E25E7AA3E00152E93 /* Frameworks */,
				BC04AA5F25E7AA3E00152E93 /* CopyFiles */,
			);
			buildRules = (
			);
			dependencies = (
			);
			name = WrappedUserDefaults;
			productName = WrappedUserDefaults;
			productReference = BC04AA6125E7AA3E00152E93 /* libWrappedUserDefaults.a */;
			productType = "com.apple.product-type.library.static";
		};
		BC04AA8425E7B32F00152E93 /* Tests */ = {
			isa = PBXNativeTarget;
			buildConfigurationList = BC04AA8D25E7B32F00152E93 /* Build configuration list for PBXNativeTarget "Tests" */;
			buildPhases = (
				BC04AA8125E7B32F00152E93 /* Sources */,
				BC04AA8225E7B32F00152E93 /* Frameworks */,
				BC04AA8325E7B32F00152E93 /* Resources */,
			);
			buildRules = (
			);
			dependencies = (
				BC04AA8C25E7B32F00152E93 /* PBXTargetDependency */,
			);
			name = Tests;
			productName = Tests;
			productReference = BC04AA8525E7B32F00152E93 /* Tests.xctest */;
			productType = "com.apple.product-type.bundle.unit-test";
		};
/* End PBXNativeTarget section */

/* Begin PBXProject section */
		BC04AA5925E7AA3E00152E93 /* Project object */ = {
			isa = PBXProject;
			attributes = {
				LastSwiftUpdateCheck = 1240;
				LastUpgradeCheck = 1240;
				TargetAttributes = {
					BC04AA6025E7AA3E00152E93 = {
						CreatedOnToolsVersion = 12.4;
					};
					BC04AA8425E7B32F00152E93 = {
						CreatedOnToolsVersion = 12.4;
					};
				};
			};
			buildConfigurationList = BC04AA5C25E7AA3E00152E93 /* Build configuration list for PBXProject "WrappedUserDefaults" */;
			compatibilityVersion = "Xcode 9.3";
			developmentRegion = en;
			hasScannedForEncodings = 0;
			knownRegions = (
				en,
				Base,
			);
			mainGroup = BC04AA5825E7AA3E00152E93;
			productRefGroup = BC04AA6225E7AA3E00152E93 /* Products */;
			projectDirPath = "";
			projectRoot = "";
			targets = (
				BC04AA6025E7AA3E00152E93 /* WrappedUserDefaults */,
				BC04AA8425E7B32F00152E93 /* Tests */,
			);
		};
/* End PBXProject section */

/* Begin PBXResourcesBuildPhase section */
		BC04AA8325E7B32F00152E93 /* Resources */ = {
			isa = PBXResourcesBuildPhase;
			buildActionMask = 2147483647;
			files = (
				BCA5C64D25F17710002BBD34 /* array.json in Resources */,
				BCA5C64725F17709002BBD34 /* dictionary.json in Resources */,
			);
			runOnlyForDeploymentPostprocessing = 0;
		};
/* End PBXResourcesBuildPhase section */

/* Begin PBXSourcesBuildPhase section */
		BC04AA5D25E7AA3E00152E93 /* Sources */ = {
			isa = PBXSourcesBuildPhase;
			buildActionMask = 2147483647;
			files = (
				D76DA8A225F7836100459823 /* UserDefaultsArchivedWrapper.swift in Sources */,
				BC04AA9E25E7BF7600152E93 /* UserDefaultsBackedWrapper.swift in Sources */,
				BC04AA6D25E7AA8300152E93 /* JSONConverter.swift in Sources */,
				D76DA89A25F2638F00459823 /* BundleFileReader.swift in Sources */,
				BC04AA9825E7BCEC00152E93 /* UserDefaults.swift in Sources */,
			);
			runOnlyForDeploymentPostprocessing = 0;
		};
		BC04AA8125E7B32F00152E93 /* Sources */ = {
			isa = PBXSourcesBuildPhase;
			buildActionMask = 2147483647;
			files = (
				BCA3CBC625EF7A7700123A1A /* UserDefaultsBackedWrapperTests.swift in Sources */,
				BC04AA9325E7B34F00152E93 /* JSONConverterTests.swift in Sources */,
			);
			runOnlyForDeploymentPostprocessing = 0;
		};
/* End PBXSourcesBuildPhase section */

/* Begin PBXTargetDependency section */
		BC04AA8C25E7B32F00152E93 /* PBXTargetDependency */ = {
			isa = PBXTargetDependency;
			target = BC04AA6025E7AA3E00152E93 /* WrappedUserDefaults */;
			targetProxy = BC04AA8B25E7B32F00152E93 /* PBXContainerItemProxy */;
		};
/* End PBXTargetDependency section */

/* Begin XCBuildConfiguration section */
		BC04AA6625E7AA3E00152E93 /* Debug */ = {
			isa = XCBuildConfiguration;
			buildSettings = {
				ALWAYS_SEARCH_USER_PATHS = NO;
				CLANG_ANALYZER_NONNULL = YES;
				CLANG_ANALYZER_NUMBER_OBJECT_CONVERSION = YES_AGGRESSIVE;
				CLANG_CXX_LANGUAGE_STANDARD = "gnu++14";
				CLANG_CXX_LIBRARY = "libc++";
				CLANG_ENABLE_MODULES = YES;
				CLANG_ENABLE_OBJC_ARC = YES;
				CLANG_ENABLE_OBJC_WEAK = YES;
				CLANG_WARN_BLOCK_CAPTURE_AUTORELEASING = YES;
				CLANG_WARN_BOOL_CONVERSION = YES;
				CLANG_WARN_COMMA = YES;
				CLANG_WARN_CONSTANT_CONVERSION = YES;
				CLANG_WARN_DEPRECATED_OBJC_IMPLEMENTATIONS = YES;
				CLANG_WARN_DIRECT_OBJC_ISA_USAGE = YES_ERROR;
				CLANG_WARN_DOCUMENTATION_COMMENTS = YES;
				CLANG_WARN_EMPTY_BODY = YES;
				CLANG_WARN_ENUM_CONVERSION = YES;
				CLANG_WARN_INFINITE_RECURSION = YES;
				CLANG_WARN_INT_CONVERSION = YES;
				CLANG_WARN_NON_LITERAL_NULL_CONVERSION = YES;
				CLANG_WARN_OBJC_IMPLICIT_RETAIN_SELF = YES;
				CLANG_WARN_OBJC_LITERAL_CONVERSION = YES;
				CLANG_WARN_OBJC_ROOT_CLASS = YES_ERROR;
				CLANG_WARN_QUOTED_INCLUDE_IN_FRAMEWORK_HEADER = YES;
				CLANG_WARN_RANGE_LOOP_ANALYSIS = YES;
				CLANG_WARN_STRICT_PROTOTYPES = YES;
				CLANG_WARN_SUSPICIOUS_MOVE = YES;
				CLANG_WARN_UNGUARDED_AVAILABILITY = YES_AGGRESSIVE;
				CLANG_WARN_UNREACHABLE_CODE = YES;
				CLANG_WARN__DUPLICATE_METHOD_MATCH = YES;
				COPY_PHASE_STRIP = NO;
				DEBUG_INFORMATION_FORMAT = dwarf;
				ENABLE_STRICT_OBJC_MSGSEND = YES;
				ENABLE_TESTABILITY = YES;
				GCC_C_LANGUAGE_STANDARD = gnu11;
				GCC_DYNAMIC_NO_PIC = NO;
				GCC_NO_COMMON_BLOCKS = YES;
				GCC_OPTIMIZATION_LEVEL = 0;
				GCC_PREPROCESSOR_DEFINITIONS = (
					"DEBUG=1",
					"$(inherited)",
				);
				GCC_WARN_64_TO_32_BIT_CONVERSION = YES;
				GCC_WARN_ABOUT_RETURN_TYPE = YES_ERROR;
				GCC_WARN_UNDECLARED_SELECTOR = YES;
				GCC_WARN_UNINITIALIZED_AUTOS = YES_AGGRESSIVE;
				GCC_WARN_UNUSED_FUNCTION = YES;
				GCC_WARN_UNUSED_VARIABLE = YES;
				IPHONEOS_DEPLOYMENT_TARGET = 13.0;
				MTL_ENABLE_DEBUG_INFO = INCLUDE_SOURCE;
				MTL_FAST_MATH = YES;
				ONLY_ACTIVE_ARCH = YES;
				SDKROOT = iphoneos;
				SWIFT_ACTIVE_COMPILATION_CONDITIONS = DEBUG;
				SWIFT_OPTIMIZATION_LEVEL = "-Onone";
			};
			name = Debug;
		};
		BC04AA6725E7AA3E00152E93 /* Release */ = {
			isa = XCBuildConfiguration;
			buildSettings = {
				ALWAYS_SEARCH_USER_PATHS = NO;
				CLANG_ANALYZER_NONNULL = YES;
				CLANG_ANALYZER_NUMBER_OBJECT_CONVERSION = YES_AGGRESSIVE;
				CLANG_CXX_LANGUAGE_STANDARD = "gnu++14";
				CLANG_CXX_LIBRARY = "libc++";
				CLANG_ENABLE_MODULES = YES;
				CLANG_ENABLE_OBJC_ARC = YES;
				CLANG_ENABLE_OBJC_WEAK = YES;
				CLANG_WARN_BLOCK_CAPTURE_AUTORELEASING = YES;
				CLANG_WARN_BOOL_CONVERSION = YES;
				CLANG_WARN_COMMA = YES;
				CLANG_WARN_CONSTANT_CONVERSION = YES;
				CLANG_WARN_DEPRECATED_OBJC_IMPLEMENTATIONS = YES;
				CLANG_WARN_DIRECT_OBJC_ISA_USAGE = YES_ERROR;
				CLANG_WARN_DOCUMENTATION_COMMENTS = YES;
				CLANG_WARN_EMPTY_BODY = YES;
				CLANG_WARN_ENUM_CONVERSION = YES;
				CLANG_WARN_INFINITE_RECURSION = YES;
				CLANG_WARN_INT_CONVERSION = YES;
				CLANG_WARN_NON_LITERAL_NULL_CONVERSION = YES;
				CLANG_WARN_OBJC_IMPLICIT_RETAIN_SELF = YES;
				CLANG_WARN_OBJC_LITERAL_CONVERSION = YES;
				CLANG_WARN_OBJC_ROOT_CLASS = YES_ERROR;
				CLANG_WARN_QUOTED_INCLUDE_IN_FRAMEWORK_HEADER = YES;
				CLANG_WARN_RANGE_LOOP_ANALYSIS = YES;
				CLANG_WARN_STRICT_PROTOTYPES = YES;
				CLANG_WARN_SUSPICIOUS_MOVE = YES;
				CLANG_WARN_UNGUARDED_AVAILABILITY = YES_AGGRESSIVE;
				CLANG_WARN_UNREACHABLE_CODE = YES;
				CLANG_WARN__DUPLICATE_METHOD_MATCH = YES;
				COPY_PHASE_STRIP = NO;
				DEBUG_INFORMATION_FORMAT = "dwarf-with-dsym";
				ENABLE_NS_ASSERTIONS = NO;
				ENABLE_STRICT_OBJC_MSGSEND = YES;
				GCC_C_LANGUAGE_STANDARD = gnu11;
				GCC_NO_COMMON_BLOCKS = YES;
				GCC_WARN_64_TO_32_BIT_CONVERSION = YES;
				GCC_WARN_ABOUT_RETURN_TYPE = YES_ERROR;
				GCC_WARN_UNDECLARED_SELECTOR = YES;
				GCC_WARN_UNINITIALIZED_AUTOS = YES_AGGRESSIVE;
				GCC_WARN_UNUSED_FUNCTION = YES;
				GCC_WARN_UNUSED_VARIABLE = YES;
				IPHONEOS_DEPLOYMENT_TARGET = 13.0;
				MTL_ENABLE_DEBUG_INFO = NO;
				MTL_FAST_MATH = YES;
				SDKROOT = iphoneos;
				SWIFT_COMPILATION_MODE = wholemodule;
				SWIFT_OPTIMIZATION_LEVEL = "-O";
				VALIDATE_PRODUCT = YES;
			};
			name = Release;
		};
		BC04AA6925E7AA3E00152E93 /* Debug */ = {
			isa = XCBuildConfiguration;
			buildSettings = {
				CODE_SIGN_STYLE = Automatic;
				DEVELOPMENT_TEAM = 4778UMCE49;
				OTHER_LDFLAGS = "-ObjC";
				PRODUCT_NAME = "$(TARGET_NAME)";
				SKIP_INSTALL = YES;
				SWIFT_VERSION = 5.0;
				TARGETED_DEVICE_FAMILY = "1,2";
			};
			name = Debug;
		};
		BC04AA6A25E7AA3E00152E93 /* Release */ = {
			isa = XCBuildConfiguration;
			buildSettings = {
				CODE_SIGN_STYLE = Automatic;
				DEVELOPMENT_TEAM = 4778UMCE49;
				OTHER_LDFLAGS = "-ObjC";
				PRODUCT_NAME = "$(TARGET_NAME)";
				SKIP_INSTALL = YES;
				SWIFT_VERSION = 5.0;
				TARGETED_DEVICE_FAMILY = "1,2";
			};
			name = Release;
		};
		BC04AA8E25E7B32F00152E93 /* Debug */ = {
			isa = XCBuildConfiguration;
			buildSettings = {
				CODE_SIGN_STYLE = Automatic;
				DEVELOPMENT_TEAM = 4778UMCE49;
				INFOPLIST_FILE = Tests/Info.plist;
				LD_RUNPATH_SEARCH_PATHS = (
					"$(inherited)",
					"@executable_path/Frameworks",
					"@loader_path/Frameworks",
				);
				PRODUCT_BUNDLE_IDENTIFIER = com.mobileup.Tests;
				PRODUCT_NAME = "$(TARGET_NAME)";
				SWIFT_VERSION = 5.0;
				TARGETED_DEVICE_FAMILY = "1,2";
			};
			name = Debug;
		};
		BC04AA8F25E7B32F00152E93 /* Release */ = {
			isa = XCBuildConfiguration;
			buildSettings = {
				CODE_SIGN_STYLE = Automatic;
				DEVELOPMENT_TEAM = 4778UMCE49;
				INFOPLIST_FILE = Tests/Info.plist;
				LD_RUNPATH_SEARCH_PATHS = (
					"$(inherited)",
					"@executable_path/Frameworks",
					"@loader_path/Frameworks",
				);
				PRODUCT_BUNDLE_IDENTIFIER = com.mobileup.Tests;
				PRODUCT_NAME = "$(TARGET_NAME)";
				SWIFT_VERSION = 5.0;
				TARGETED_DEVICE_FAMILY = "1,2";
			};
			name = Release;
		};
/* End XCBuildConfiguration section */

/* Begin XCConfigurationList section */
		BC04AA5C25E7AA3E00152E93 /* Build configuration list for PBXProject "WrappedUserDefaults" */ = {
			isa = XCConfigurationList;
			buildConfigurations = (
				BC04AA6625E7AA3E00152E93 /* Debug */,
				BC04AA6725E7AA3E00152E93 /* Release */,
			);
			defaultConfigurationIsVisible = 0;
			defaultConfigurationName = Release;
		};
		BC04AA6825E7AA3E00152E93 /* Build configuration list for PBXNativeTarget "WrappedUserDefaults" */ = {
			isa = XCConfigurationList;
			buildConfigurations = (
				BC04AA6925E7AA3E00152E93 /* Debug */,
				BC04AA6A25E7AA3E00152E93 /* Release */,
			);
			defaultConfigurationIsVisible = 0;
			defaultConfigurationName = Release;
		};
		BC04AA8D25E7B32F00152E93 /* Build configuration list for PBXNativeTarget "Tests" */ = {
			isa = XCConfigurationList;
			buildConfigurations = (
				BC04AA8E25E7B32F00152E93 /* Debug */,
				BC04AA8F25E7B32F00152E93 /* Release */,
			);
			defaultConfigurationIsVisible = 0;
			defaultConfigurationName = Release;
		};
/* End XCConfigurationList section */
	};
	rootObject = BC04AA5925E7AA3E00152E93 /* Project object */;
}
